
Microsoft Visual Studio Solution File, Format Version 11.00
# Visual Studio 2010
Project("{FAE04EC0-301F-11D3-BF4B-00C04F79EFBC}") = "MooMooCrush", "Assembly-CSharp.csproj", "{8FB38F2A-3908-74DC-63EB-39D557C285DD}"
EndProject
Project("{FAE04EC0-301F-11D3-BF4B-00C04F79EFBC}") = "MooMooCrush", "Assembly-CSharp-Editor.csproj", "{73C4B627-0486-DB66-AC81-0C5F9CD8F215}"
EndProject
Global
	GlobalSection(SolutionConfigurationPlatforms) = preSolution
		Debug|Any CPU = Debug|Any CPU
		Release|Any CPU = Release|Any CPU
	EndGlobalSection
	GlobalSection(ProjectConfigurationPlatforms) = postSolution
		{8FB38F2A-3908-74DC-63EB-39D557C285DD}.Debug|Any CPU.ActiveCfg = Debug|Any CPU
		{8FB38F2A-3908-74DC-63EB-39D557C285DD}.Debug|Any CPU.Build.0 = Debug|Any CPU
		{8FB38F2A-3908-74DC-63EB-39D557C285DD}.Release|Any CPU.ActiveCfg = Release|Any CPU
		{8FB38F2A-3908-74DC-63EB-39D557C285DD}.Release|Any CPU.Build.0 = Release|Any CPU
		{73C4B627-0486-DB66-AC81-0C5F9CD8F215}.Debug|Any CPU.ActiveCfg = Debug|Any CPU
		{73C4B627-0486-DB66-AC81-0C5F9CD8F215}.Debug|Any CPU.Build.0 = Debug|Any CPU
		{73C4B627-0486-DB66-AC81-0C5F9CD8F215}.Release|Any CPU.ActiveCfg = Release|Any CPU
		{73C4B627-0486-DB66-AC81-0C5F9CD8F215}.Release|Any CPU.Build.0 = Release|Any CPU
	EndGlobalSection
	GlobalSection(SolutionProperties) = preSolution
		HideSolutionNode = FALSE
	EndGlobalSection
	GlobalSection(MonoDevelopProperties) = preSolution
		StartupItem = Assembly-CSharp.csproj
	EndGlobalSection
EndGlobal
